# Lockfile v4
# This file is automatically generated by Wapm.
# It is not intended for manual editing. The schema of this file may change.
[modules.code-sandbox."0.1.2".entry]
name = "entry"
package_version = "0.1.2"
package_name = "code-sandbox"
package_path = "code-sandbox@0.1.2"
resolved = "local"
resolved_source = "local"
abi = "emscripten"
source = "entry.wasm"
[modules."php/php"."0.1.1".php]
name = "php"
package_version = "0.1.1"
package_name = "php/php"
package_path = "php/php@0.1.1"
resolved = "https://registry-cdn.wapm.io/packages/_/php/php-0.1.1.tar.gz"
resolved_source = "registry+php"
abi = "emscripten"
source = "php.wasm"
[modules."python/python"."0.1.0".python]
name = "python"
package_version = "0.1.0"
package_name = "python/python"
package_path = "python/python@0.1.0"
resolved = "https://registry-cdn.wapm.io/packages/_/python/python-0.1.0.tar.gz"
resolved_source = "registry+python"
abi = "wasi"
source = "bin/python.wasm"
[modules."rustpython/rustpython"."0.1.3".rustpython]
name = "rustpython"
package_version = "0.1.3"
package_name = "rustpython/rustpython"
package_path = "rustpython/rustpython@0.1.3"
resolved = "https://registry-cdn.wapm.io/packages/_/rustpython/rustpython-0.1.3.tar.gz"
resolved_source = "registry+rustpython"
abi = "wasi"
source = "target/wasm32-wasi/release/rustpython.wasm"
[commands.entry]
name = "entry"
package_name = "code-sandbox"
package_version = "0.1.2"
module = "entry"
is_top_level_dependency = true

[commands.php]
name = "php"
package_name = "php/php"
package_version = "0.1.1"
module = "php"
is_top_level_dependency = true

[commands.python]
name = "python"
package_name = "python/python"
package_version = "0.1.0"
module = "python"
is_top_level_dependency = true

[commands.rustpython]
name = "rustpython"
package_name = "rustpython/rustpython"
package_version = "0.1.3"
module = "rustpython"
is_top_level_dependency = true
